
Microsoft Visual Studio Solution File, Format Version 12.00
# Visual Studio Version 16
VisualStudioVersion = 16.0.33328.57
MinimumVisualStudioVersion = 10.0.40219.1
Project("{FAE04EC0-301F-11D3-BF4B-00C04F79EFBC}") = "rozrobka_projektiv", "rozrobka_projektiv.csproj", "{50AC8E32-6216-400A-8F53-17BCF037B9F7}"
EndProject
Global
	GlobalSection(SolutionConfigurationPlatforms) = preSolution
		Debug|Any CPU = Debug|Any CPU
		Release|Any CPU = Release|Any CPU
	EndGlobalSection
	GlobalSection(ProjectConfigurationPlatforms) = postSolution
		{50AC8E32-6216-400A-8F53-17BCF037B9F7}.Debug|Any CPU.ActiveCfg = Debug|Any CPU
		{50AC8E32-6216-400A-8F53-17BCF037B9F7}.Debug|Any CPU.Build.0 = Debug|Any CPU
		{50AC8E32-6216-400A-8F53-17BCF037B9F7}.Release|Any CPU.ActiveCfg = Release|Any CPU
		{50AC8E32-6216-400A-8F53-17BCF037B9F7}.Release|Any CPU.Build.0 = Release|Any CPU
	EndGlobalSection
	GlobalSection(SolutionProperties) = preSolution
		HideSolutionNode = FALSE
	EndGlobalSection
	GlobalSection(ExtensibilityGlobals) = postSolution
		SolutionGuid = {616B29F4-3D3B-48A4-8DB8-5956D92FE2D9}
	EndGlobalSection
EndGlobal
